# @generated by Move, please check-in and do not edit manually.

[move]
version = 2
manifest_digest = "E1D7E9BC46622A58156D5AE9A2D47177AB378595B8F8BD343BF717B1AC451A17"
deps_digest = "F8BBB0CCB2491CA29A3DF03D6F92277A4F3574266507ACD77214D37ECA3F3082"
dependencies = [
  { name = "Sui" },
]

[[move.package]]
name = "MoveStdlib"
source = { git = "https://github.com/MystenLabs/sui.git", rev = "framework/devnet", subdir = "crates/sui-framework/packages/move-stdlib" }

[[move.package]]
name = "Sui"
source = { git = "https://github.com/MystenLabs/sui.git", rev = "framework/devnet", subdir = "crates/sui-framework/packages/sui-framework" }

dependencies = [
  { name = "MoveStdlib" },
]

[move.toolchain-version]
compiler-version = "1.32.0"
edition = "2024.beta"
flavor = "sui"

[env]

[env.testnet]
chain-id = "4c78adac"
original-published-id = "0x501053770a8b7df0f35b8ad80208225648e75d407493a950a3da4c2abf1613bd"
latest-published-id = "0x501053770a8b7df0f35b8ad80208225648e75d407493a950a3da4c2abf1613bd"
published-version = "1"

[env.local]
chain-id = "8b5c36ed"
original-published-id = "0x71748fdf7c9f873d1e166495e2d691f04aa62f6ab268ef0acd72175558a509ed"
latest-published-id = "0x71748fdf7c9f873d1e166495e2d691f04aa62f6ab268ef0acd72175558a509ed"
published-version = "1"
