# @generated by Move, please check-in and do not edit manually.

[move]
version = 2
manifest_digest = "52387C385F185031B2F087478D9190B9899BA99471462B678A71C408E9445BC2"
deps_digest = "F8BBB0CCB2491CA29A3DF03D6F92277A4F3574266507ACD77214D37ECA3F3082"
dependencies = [
  { name = "Sui" },
]

[[move.package]]
name = "MoveStdlib"
source = { git = "https://github.com/MystenLabs/sui.git", rev = "framework/testnet", subdir = "crates/sui-framework/packages/move-stdlib" }

[[move.package]]
name = "Sui"
source = { git = "https://github.com/MystenLabs/sui.git", rev = "framework/testnet", subdir = "crates/sui-framework/packages/sui-framework" }

dependencies = [
  { name = "MoveStdlib" },
]

[move.toolchain-version]
compiler-version = "1.30.3"
edition = "2024.beta"
flavor = "sui"

[env]

[env.local]
chain-id = "c6ce415d"
original-published-id = "0x2231dd8ae04073333b89c07869d10ede39e88923a6ac56c577d3a4de28bd397b"
latest-published-id = "0x2231dd8ae04073333b89c07869d10ede39e88923a6ac56c577d3a4de28bd397b"
published-version = "1"
